// !$*UTF8*$!
{
	archiveVersion = 1;
	classes = {
	};
	objectVersion = 46;
	objects = {

/* Begin PBXBuildFile section */
		BE1A72E81AC1DD8B00789DF0 /* main.m in Sources */ = {isa = PBXBuildFile; fileRef = BE1A72E71AC1DD8B00789DF0 /* main.m */; };
		BE1A72EB1AC1DD8B00789DF0 /* AppDelegate.m in Sources */ = {isa = PBXBuildFile; fileRef = BE1A72EA1AC1DD8B00789DF0 /* AppDelegate.m */; };
		BE1A72EE1AC1DD8B00789DF0 /* ViewController.m in Sources */ = {isa = PBXBuildFile; fileRef = BE1A72ED1AC1DD8B00789DF0 /* ViewController.m */; };
		BE1A72F11AC1DD8B00789DF0 /* Main.storyboard in Resources */ = {isa = PBXBuildFile; fileRef = BE1A72EF1AC1DD8B00789DF0 /* Main.storyboard */; };
		BE1A72F31AC1DD8B00789DF0 /* Images.xcassets in Resources */ = {isa = PBXBuildFile; fileRef = BE1A72F21AC1DD8B00789DF0 /* Images.xcassets */; };
		BE1A72F61AC1DD8B00789DF0 /* LaunchScreen.xib in Resources */ = {isa = PBXBuildFile; fileRef = BE1A72F41AC1DD8B00789DF0 /* LaunchScreen.xib */; };
		BE1A73021AC1DD8B00789DF0 /* MoonflowerTests.m in Sources */ = {isa = PBXBuildFile; fileRef = BE1A73011AC1DD8B00789DF0 /* MoonflowerTests.m */; };
		BE1A730D1AC1DD9E00789DF0 /* MFJSONObject.m in Sources */ = {isa = PBXBuildFile; fileRef = BE1A730C1AC1DD9E00789DF0 /* MFJSONObject.m */; };
		BE1A73121AC1DE6D00789DF0 /* User.m in Sources */ = {isa = PBXBuildFile; fileRef = BE1A73111AC1DE6D00789DF0 /* User.m */; };
		BE1A73151AC1EC3F00789DF0 /* Post.m in Sources */ = {isa = PBXBuildFile; fileRef = BE1A73141AC1EC3F00789DF0 /* Post.m */; };
		BE1A73181AC1EC4800789DF0 /* Comment.m in Sources */ = {isa = PBXBuildFile; fileRef = BE1A73171AC1EC4800789DF0 /* Comment.m */; };
/* End PBXBuildFile section */

/* Begin PBXContainerItemProxy section */
		BE1A72FC1AC1DD8B00789DF0 /* PBXContainerItemProxy */ = {
			isa = PBXContainerItemProxy;
			containerPortal = BE1A72DA1AC1DD8B00789DF0 /* Project object */;
			proxyType = 1;
			remoteGlobalIDString = BE1A72E11AC1DD8B00789DF0;
			remoteInfo = Moonflower;
		};
/* End PBXContainerItemProxy section */

/* Begin PBXFileReference section */
		BE1A72E21AC1DD8B00789DF0 /* Moonflower.app */ = {isa = PBXFileReference; explicitFileType = wrapper.application; includeInIndex = 0; path = Moonflower.app; sourceTree = BUILT_PRODUCTS_DIR; };
		BE1A72E61AC1DD8B00789DF0 /* Info.plist */ = {isa = PBXFileReference; lastKnownFileType = text.plist.xml; path = Info.plist; sourceTree = "<group>"; };
		BE1A72E71AC1DD8B00789DF0 /* main.m */ = {isa = PBXFileReference; lastKnownFileType = sourcecode.c.objc; path = main.m; sourceTree = "<group>"; };
		BE1A72E91AC1DD8B00789DF0 /* AppDelegate.h */ = {isa = PBXFileReference; lastKnownFileType = sourcecode.c.h; path = AppDelegate.h; sourceTree = "<group>"; };
		BE1A72EA1AC1DD8B00789DF0 /* AppDelegate.m */ = {isa = PBXFileReference; lastKnownFileType = sourcecode.c.objc; path = AppDelegate.m; sourceTree = "<group>"; };
		BE1A72EC1AC1DD8B00789DF0 /* ViewController.h */ = {isa = PBXFileReference; lastKnownFileType = sourcecode.c.h; path = ViewController.h; sourceTree = "<group>"; };
		BE1A72ED1AC1DD8B00789DF0 /* ViewController.m */ = {isa = PBXFileReference; lastKnownFileType = sourcecode.c.objc; path = ViewController.m; sourceTree = "<group>"; };
		BE1A72F01AC1DD8B00789DF0 /* Base */ = {isa = PBXFileReference; lastKnownFileType = file.storyboard; name = Base; path = Base.lproj/Main.storyboard; sourceTree = "<group>"; };
		BE1A72F21AC1DD8B00789DF0 /* Images.xcassets */ = {isa = PBXFileReference; lastKnownFileType = folder.assetcatalog; path = Images.xcassets; sourceTree = "<group>"; };
		BE1A72F51AC1DD8B00789DF0 /* Base */ = {isa = PBXFileReference; lastKnownFileType = file.xib; name = Base; path = Base.lproj/LaunchScreen.xib; sourceTree = "<group>"; };
		BE1A72FB1AC1DD8B00789DF0 /* MoonflowerTests.xctest */ = {isa = PBXFileReference; explicitFileType = wrapper.cfbundle; includeInIndex = 0; path = MoonflowerTests.xctest; sourceTree = BUILT_PRODUCTS_DIR; };
		BE1A73001AC1DD8B00789DF0 /* Info.plist */ = {isa = PBXFileReference; lastKnownFileType = text.plist.xml; path = Info.plist; sourceTree = "<group>"; };
		BE1A73011AC1DD8B00789DF0 /* MoonflowerTests.m */ = {isa = PBXFileReference; lastKnownFileType = sourcecode.c.objc; path = MoonflowerTests.m; sourceTree = "<group>"; };
		BE1A730B1AC1DD9E00789DF0 /* MFJSONObject.h */ = {isa = PBXFileReference; fileEncoding = 4; lastKnownFileType = sourcecode.c.h; path = MFJSONObject.h; sourceTree = "<group>"; };
		BE1A730C1AC1DD9E00789DF0 /* MFJSONObject.m */ = {isa = PBXFileReference; fileEncoding = 4; lastKnownFileType = sourcecode.c.objc; path = MFJSONObject.m; sourceTree = "<group>"; };
		BE1A73101AC1DE6D00789DF0 /* User.h */ = {isa = PBXFileReference; fileEncoding = 4; lastKnownFileType = sourcecode.c.h; path = User.h; sourceTree = "<group>"; };
		BE1A73111AC1DE6D00789DF0 /* User.m */ = {isa = PBXFileReference; fileEncoding = 4; lastKnownFileType = sourcecode.c.objc; path = User.m; sourceTree = "<group>"; };
		BE1A73131AC1EC3F00789DF0 /* Post.h */ = {isa = PBXFileReference; fileEncoding = 4; lastKnownFileType = sourcecode.c.h; path = Post.h; sourceTree = "<group>"; };
		BE1A73141AC1EC3F00789DF0 /* Post.m */ = {isa = PBXFileReference; fileEncoding = 4; lastKnownFileType = sourcecode.c.objc; path = Post.m; sourceTree = "<group>"; };
		BE1A73161AC1EC4800789DF0 /* Comment.h */ = {isa = PBXFileReference; fileEncoding = 4; lastKnownFileType = sourcecode.c.h; path = Comment.h; sourceTree = "<group>"; };
		BE1A73171AC1EC4800789DF0 /* Comment.m */ = {isa = PBXFileReference; fileEncoding = 4; lastKnownFileType = sourcecode.c.objc; path = Comment.m; sourceTree = "<group>"; };
/* End PBXFileReference section */

/* Begin PBXFrameworksBuildPhase section */
		BE1A72DF1AC1DD8B00789DF0 /* Frameworks */ = {
			isa = PBXFrameworksBuildPhase;
			buildActionMask = 2147483647;
			files = (
			);
			runOnlyForDeploymentPostprocessing = 0;
		};
		BE1A72F81AC1DD8B00789DF0 /* Frameworks */ = {
			isa = PBXFrameworksBuildPhase;
			buildActionMask = 2147483647;
			files = (
			);
			runOnlyForDeploymentPostprocessing = 0;
		};
/* End PBXFrameworksBuildPhase section */

/* Begin PBXGroup section */
		BE1A72D91AC1DD8B00789DF0 = {
			isa = PBXGroup;
			children = (
				BE1A72E41AC1DD8B00789DF0 /* Moonflower */,
				BE1A72FE1AC1DD8B00789DF0 /* MoonflowerTests */,
				BE1A72E31AC1DD8B00789DF0 /* Products */,
			);
			sourceTree = "<group>";
		};
		BE1A72E31AC1DD8B00789DF0 /* Products */ = {
			isa = PBXGroup;
			children = (
				BE1A72E21AC1DD8B00789DF0 /* Moonflower.app */,
				BE1A72FB1AC1DD8B00789DF0 /* MoonflowerTests.xctest */,
			);
			name = Products;
			sourceTree = "<group>";
		};
		BE1A72E41AC1DD8B00789DF0 /* Moonflower */ = {
			isa = PBXGroup;
			children = (
				BE1A730E1AC1DE4D00789DF0 /* Moonflower */,
				BE1A730F1AC1DE5A00789DF0 /* Models */,
				BE1A72E91AC1DD8B00789DF0 /* AppDelegate.h */,
				BE1A72EA1AC1DD8B00789DF0 /* AppDelegate.m */,
				BE1A72EC1AC1DD8B00789DF0 /* ViewController.h */,
				BE1A72ED1AC1DD8B00789DF0 /* ViewController.m */,
				BE1A72EF1AC1DD8B00789DF0 /* Main.storyboard */,
				BE1A72F21AC1DD8B00789DF0 /* Images.xcassets */,
				BE1A72F41AC1DD8B00789DF0 /* LaunchScreen.xib */,
				BE1A72E51AC1DD8B00789DF0 /* Supporting Files */,
			);
			path = Moonflower;
			sourceTree = "<group>";
		};
		BE1A72E51AC1DD8B00789DF0 /* Supporting Files */ = {
			isa = PBXGroup;
			children = (
				BE1A72E61AC1DD8B00789DF0 /* Info.plist */,
				BE1A72E71AC1DD8B00789DF0 /* main.m */,
			);
			name = "Supporting Files";
			sourceTree = "<group>";
		};
		BE1A72FE1AC1DD8B00789DF0 /* MoonflowerTests */ = {
			isa = PBXGroup;
			children = (
				BE1A73011AC1DD8B00789DF0 /* MoonflowerTests.m */,
				BE1A72FF1AC1DD8B00789DF0 /* Supporting Files */,
			);
			path = MoonflowerTests;
			sourceTree = "<group>";
		};
		BE1A72FF1AC1DD8B00789DF0 /* Supporting Files */ = {
			isa = PBXGroup;
			children = (
				BE1A73001AC1DD8B00789DF0 /* Info.plist */,
			);
			name = "Supporting Files";
			sourceTree = "<group>";
		};
		BE1A730E1AC1DE4D00789DF0 /* Moonflower */ = {
			isa = PBXGroup;
			children = (
				BE1A730B1AC1DD9E00789DF0 /* MFJSONObject.h */,
				BE1A730C1AC1DD9E00789DF0 /* MFJSONObject.m */,
			);
			name = Moonflower;
			sourceTree = "<group>";
		};
		BE1A730F1AC1DE5A00789DF0 /* Models */ = {
			isa = PBXGroup;
			children = (
				BE1A73101AC1DE6D00789DF0 /* User.h */,
				BE1A73111AC1DE6D00789DF0 /* User.m */,
				BE1A73131AC1EC3F00789DF0 /* Post.h */,
				BE1A73141AC1EC3F00789DF0 /* Post.m */,
				BE1A73161AC1EC4800789DF0 /* Comment.h */,
				BE1A73171AC1EC4800789DF0 /* Comment.m */,
			);
			name = Models;
			sourceTree = "<group>";
		};
/* End PBXGroup section */

/* Begin PBXNativeTarget section */
		BE1A72E11AC1DD8B00789DF0 /* Moonflower */ = {
			isa = PBXNativeTarget;
			buildConfigurationList = BE1A73051AC1DD8B00789DF0 /* Build configuration list for PBXNativeTarget "Moonflower" */;
			buildPhases = (
				BE1A72DE1AC1DD8B00789DF0 /* Sources */,
				BE1A72DF1AC1DD8B00789DF0 /* Frameworks */,
				BE1A72E01AC1DD8B00789DF0 /* Resources */,
			);
			buildRules = (
			);
			dependencies = (
			);
			name = Moonflower;
			productName = Moonflower;
			productReference = BE1A72E21AC1DD8B00789DF0 /* Moonflower.app */;
			productType = "com.apple.product-type.application";
		};
		BE1A72FA1AC1DD8B00789DF0 /* MoonflowerTests */ = {
			isa = PBXNativeTarget;
			buildConfigurationList = BE1A73081AC1DD8B00789DF0 /* Build configuration list for PBXNativeTarget "MoonflowerTests" */;
			buildPhases = (
				BE1A72F71AC1DD8B00789DF0 /* Sources */,
				BE1A72F81AC1DD8B00789DF0 /* Frameworks */,
				BE1A72F91AC1DD8B00789DF0 /* Resources */,
			);
			buildRules = (
			);
			dependencies = (
				BE1A72FD1AC1DD8B00789DF0 /* PBXTargetDependency */,
			);
			name = MoonflowerTests;
			productName = MoonflowerTests;
			productReference = BE1A72FB1AC1DD8B00789DF0 /* MoonflowerTests.xctest */;
			productType = "com.apple.product-type.bundle.unit-test";
		};
/* End PBXNativeTarget section */

/* Begin PBXProject section */
		BE1A72DA1AC1DD8B00789DF0 /* Project object */ = {
			isa = PBXProject;
			attributes = {
				LastUpgradeCheck = 0610;
				ORGANIZATIONNAME = Sleepy;
				TargetAttributes = {
					BE1A72E11AC1DD8B00789DF0 = {
						CreatedOnToolsVersion = 6.1.1;
					};
					BE1A72FA1AC1DD8B00789DF0 = {
						CreatedOnToolsVersion = 6.1.1;
						TestTargetID = BE1A72E11AC1DD8B00789DF0;
					};
				};
			};
			buildConfigurationList = BE1A72DD1AC1DD8B00789DF0 /* Build configuration list for PBXProject "Moonflower" */;
			compatibilityVersion = "Xcode 3.2";
			developmentRegion = English;
			hasScannedForEncodings = 0;
			knownRegions = (
				en,
				Base,
			);
			mainGroup = BE1A72D91AC1DD8B00789DF0;
			productRefGroup = BE1A72E31AC1DD8B00789DF0 /* Products */;
			projectDirPath = "";
			projectRoot = "";
			targets = (
				BE1A72E11AC1DD8B00789DF0 /* Moonflower */,
				BE1A72FA1AC1DD8B00789DF0 /* MoonflowerTests */,
			);
		};
/* End PBXProject section */

/* Begin PBXResourcesBuildPhase section */
		BE1A72E01AC1DD8B00789DF0 /* Resources */ = {
			isa = PBXResourcesBuildPhase;
			buildActionMask = 2147483647;
			files = (
				BE1A72F11AC1DD8B00789DF0 /* Main.storyboard in Resources */,
				BE1A72F61AC1DD8B00789DF0 /* LaunchScreen.xib in Resources */,
				BE1A72F31AC1DD8B00789DF0 /* Images.xcassets in Resources */,
			);
			runOnlyForDeploymentPostprocessing = 0;
		};
		BE1A72F91AC1DD8B00789DF0 /* Resources */ = {
			isa = PBXResourcesBuildPhase;
			buildActionMask = 2147483647;
			files = (
			);
			runOnlyForDeploymentPostprocessing = 0;
		};
/* End PBXResourcesBuildPhase section */

/* Begin PBXSourcesBuildPhase section */
		BE1A72DE1AC1DD8B00789DF0 /* Sources */ = {
			isa = PBXSourcesBuildPhase;
			buildActionMask = 2147483647;
			files = (
				BE1A73181AC1EC4800789DF0 /* Comment.m in Sources */,
				BE1A73121AC1DE6D00789DF0 /* User.m in Sources */,
				BE1A73151AC1EC3F00789DF0 /* Post.m in Sources */,
				BE1A72EE1AC1DD8B00789DF0 /* ViewController.m in Sources */,
				BE1A730D1AC1DD9E00789DF0 /* MFJSONObject.m in Sources */,
				BE1A72EB1AC1DD8B00789DF0 /* AppDelegate.m in Sources */,
				BE1A72E81AC1DD8B00789DF0 /* main.m in Sources */,
			);
			runOnlyForDeploymentPostprocessing = 0;
		};
		BE1A72F71AC1DD8B00789DF0 /* Sources */ = {
			isa = PBXSourcesBuildPhase;
			buildActionMask = 2147483647;
			files = (
				BE1A73021AC1DD8B00789DF0 /* MoonflowerTests.m in Sources */,
			);
			runOnlyForDeploymentPostprocessing = 0;
		};
/* End PBXSourcesBuildPhase section */

/* Begin PBXTargetDependency section */
		BE1A72FD1AC1DD8B00789DF0 /* PBXTargetDependency */ = {
			isa = PBXTargetDependency;
			target = BE1A72E11AC1DD8B00789DF0 /* Moonflower */;
			targetProxy = BE1A72FC1AC1DD8B00789DF0 /* PBXContainerItemProxy */;
		};
/* End PBXTargetDependency section */

/* Begin PBXVariantGroup section */
		BE1A72EF1AC1DD8B00789DF0 /* Main.storyboard */ = {
			isa = PBXVariantGroup;
			children = (
				BE1A72F01AC1DD8B00789DF0 /* Base */,
			);
			name = Main.storyboard;
			sourceTree = "<group>";
		};
		BE1A72F41AC1DD8B00789DF0 /* LaunchScreen.xib */ = {
			isa = PBXVariantGroup;
			children = (
				BE1A72F51AC1DD8B00789DF0 /* Base */,
			);
			name = LaunchScreen.xib;
			sourceTree = "<group>";
		};
/* End PBXVariantGroup section */

/* Begin XCBuildConfiguration section */
		BE1A73031AC1DD8B00789DF0 /* Debug */ = {
			isa = XCBuildConfiguration;
			buildSettings = {
				ALWAYS_SEARCH_USER_PATHS = NO;
				CLANG_CXX_LANGUAGE_STANDARD = "gnu++0x";
				CLANG_CXX_LIBRARY = "libc++";
				CLANG_ENABLE_MODULES = YES;
				CLANG_ENABLE_OBJC_ARC = YES;
				CLANG_WARN_BOOL_CONVERSION = YES;
				CLANG_WARN_CONSTANT_CONVERSION = YES;
				CLANG_WARN_DIRECT_OBJC_ISA_USAGE = YES_ERROR;
				CLANG_WARN_EMPTY_BODY = YES;
				CLANG_WARN_ENUM_CONVERSION = YES;
				CLANG_WARN_INT_CONVERSION = YES;
				CLANG_WARN_OBJC_ROOT_CLASS = YES_ERROR;
				CLANG_WARN_UNREACHABLE_CODE = YES;
				CLANG_WARN__DUPLICATE_METHOD_MATCH = YES;
				"CODE_SIGN_IDENTITY[sdk=iphoneos*]" = "iPhone Developer";
				COPY_PHASE_STRIP = NO;
				ENABLE_STRICT_OBJC_MSGSEND = YES;
				GCC_C_LANGUAGE_STANDARD = gnu99;
				GCC_DYNAMIC_NO_PIC = NO;
				GCC_OPTIMIZATION_LEVEL = 0;
				GCC_PREPROCESSOR_DEFINITIONS = (
					"DEBUG=1",
					"$(inherited)",
				);
				GCC_SYMBOLS_PRIVATE_EXTERN = NO;
				GCC_WARN_64_TO_32_BIT_CONVERSION = YES;
				GCC_WARN_ABOUT_RETURN_TYPE = YES_ERROR;
				GCC_WARN_UNDECLARED_SELECTOR = YES;
				GCC_WARN_UNINITIALIZED_AUTOS = YES_AGGRESSIVE;
				GCC_WARN_UNUSED_FUNCTION = YES;
				GCC_WARN_UNUSED_VARIABLE = YES;
				IPHONEOS_DEPLOYMENT_TARGET = 8.1;
				MTL_ENABLE_DEBUG_INFO = YES;
				ONLY_ACTIVE_ARCH = YES;
				SDKROOT = iphoneos;
				TARGETED_DEVICE_FAMILY = "1,2";
			};
			name = Debug;
		};
		BE1A73041AC1DD8B00789DF0 /* Release */ = {
			isa = XCBuildConfiguration;
			buildSettings = {
				ALWAYS_SEARCH_USER_PATHS = NO;
				CLANG_CXX_LANGUAGE_STANDARD = "gnu++0x";
				CLANG_CXX_LIBRARY = "libc++";
				CLANG_ENABLE_MODULES = YES;
				CLANG_ENABLE_OBJC_ARC = YES;
				CLANG_WARN_BOOL_CONVERSION = YES;
				CLANG_WARN_CONSTANT_CONVERSION = YES;
				CLANG_WARN_DIRECT_OBJC_ISA_USAGE = YES_ERROR;
				CLANG_WARN_EMPTY_BODY = YES;
				CLANG_WARN_ENUM_CONVERSION = YES;
				CLANG_WARN_INT_CONVERSION = YES;
				CLANG_WARN_OBJC_ROOT_CLASS = YES_ERROR;
				CLANG_WARN_UNREACHABLE_CODE = YES;
				CLANG_WARN__DUPLICATE_METHOD_MATCH = YES;
				"CODE_SIGN_IDENTITY[sdk=iphoneos*]" = "iPhone Developer";
				COPY_PHASE_STRIP = YES;
				ENABLE_NS_ASSERTIONS = NO;
				ENABLE_STRICT_OBJC_MSGSEND = YES;
				GCC_C_LANGUAGE_STANDARD = gnu99;
				GCC_WARN_64_TO_32_BIT_CONVERSION = YES;
				GCC_WARN_ABOUT_RETURN_TYPE = YES_ERROR;
				GCC_WARN_UNDECLARED_SELECTOR = YES;
				GCC_WARN_UNINITIALIZED_AUTOS = YES_AGGRESSIVE;
				GCC_WARN_UNUSED_FUNCTION = YES;
				GCC_WARN_UNUSED_VARIABLE = YES;
				IPHONEOS_DEPLOYMENT_TARGET = 8.1;
				MTL_ENABLE_DEBUG_INFO = NO;
				SDKROOT = iphoneos;
				TARGETED_DEVICE_FAMILY = "1,2";
				VALIDATE_PRODUCT = YES;
			};
			name = Release;
		};
		BE1A73061AC1DD8B00789DF0 /* Debug */ = {
			isa = XCBuildConfiguration;
			buildSettings = {
				ASSETCATALOG_COMPILER_APPICON_NAME = AppIcon;
				INFOPLIST_FILE = Moonflower/Info.plist;
				LD_RUNPATH_SEARCH_PATHS = "$(inherited) @executable_path/Frameworks";
				PRODUCT_NAME = "$(TARGET_NAME)";
			};
			name = Debug;
		};
		BE1A73071AC1DD8B00789DF0 /* Release */ = {
			isa = XCBuildConfiguration;
			buildSettings = {
				ASSETCATALOG_COMPILER_APPICON_NAME = AppIcon;
				INFOPLIST_FILE = Moonflower/Info.plist;
				LD_RUNPATH_SEARCH_PATHS = "$(inherited) @executable_path/Frameworks";
				PRODUCT_NAME = "$(TARGET_NAME)";
			};
			name = Release;
		};
		BE1A73091AC1DD8B00789DF0 /* Debug */ = {
			isa = XCBuildConfiguration;
			buildSettings = {
				BUNDLE_LOADER = "$(TEST_HOST)";
				FRAMEWORK_SEARCH_PATHS = (
					"$(SDKROOT)/Developer/Library/Frameworks",
					"$(inherited)",
				);
				GCC_PREPROCESSOR_DEFINITIONS = (
					"DEBUG=1",
					"$(inherited)",
				);
				INFOPLIST_FILE = MoonflowerTests/Info.plist;
				LD_RUNPATH_SEARCH_PATHS = "$(inherited) @executable_path/Frameworks @loader_path/Frameworks";
				PRODUCT_NAME = "$(TARGET_NAME)";
				TEST_HOST = "$(BUILT_PRODUCTS_DIR)/Moonflower.app/Moonflower";
			};
			name = Debug;
		};
		BE1A730A1AC1DD8B00789DF0 /* Release */ = {
			isa = XCBuildConfiguration;
			buildSettings = {
				BUNDLE_LOADER = "$(TEST_HOST)";
				FRAMEWORK_SEARCH_PATHS = (
					"$(SDKROOT)/Developer/Library/Frameworks",
					"$(inherited)",
				);
				INFOPLIST_FILE = MoonflowerTests/Info.plist;
				LD_RUNPATH_SEARCH_PATHS = "$(inherited) @executable_path/Frameworks @loader_path/Frameworks";
				PRODUCT_NAME = "$(TARGET_NAME)";
				TEST_HOST = "$(BUILT_PRODUCTS_DIR)/Moonflower.app/Moonflower";
			};
			name = Release;
		};
/* End XCBuildConfiguration section */

/* Begin XCConfigurationList section */
		BE1A72DD1AC1DD8B00789DF0 /* Build configuration list for PBXProject "Moonflower" */ = {
			isa = XCConfigurationList;
			buildConfigurations = (
				BE1A73031AC1DD8B00789DF0 /* Debug */,
				BE1A73041AC1DD8B00789DF0 /* Release */,
			);
			defaultConfigurationIsVisible = 0;
			defaultConfigurationName = Release;
		};
		BE1A73051AC1DD8B00789DF0 /* Build configuration list for PBXNativeTarget "Moonflower" */ = {
			isa = XCConfigurationList;
			buildConfigurations = (
				BE1A73061AC1DD8B00789DF0 /* Debug */,
				BE1A73071AC1DD8B00789DF0 /* Release */,
			);
			defaultConfigurationIsVisible = 0;
		};
		BE1A73081AC1DD8B00789DF0 /* Build configuration list for PBXNativeTarget "MoonflowerTests" */ = {
			isa = XCConfigurationList;
			buildConfigurations = (
				BE1A73091AC1DD8B00789DF0 /* Debug */,
				BE1A730A1AC1DD8B00789DF0 /* Release */,
			);
			defaultConfigurationIsVisible = 0;
		};
/* End XCConfigurationList section */
	};
	rootObject = BE1A72DA1AC1DD8B00789DF0 /* Project object */;
}
